
Microsoft Visual Studio Solution File, Format Version 12.00
# Visual Studio Version 17
VisualStudioVersion = 17.7.34031.279
MinimumVisualStudioVersion = 10.0.40219.1
Project("{FAE04EC0-301F-11D3-BF4B-00C04F79EFBC}") = "Leavewithasmilecleaningwebsite", "Leavewithasmilecleaningwebsite\Leavewithasmilecleaningwebsite.csproj", "{92C0DCB5-F56A-45A9-BB38-CFDD03657E51}"
EndProject
Global
	GlobalSection(SolutionConfigurationPlatforms) = preSolution
		Debug|Any CPU = Debug|Any CPU
		Release|Any CPU = Release|Any CPU
	EndGlobalSection
	GlobalSection(ProjectConfigurationPlatforms) = postSolution
		{92C0DCB5-F56A-45A9-BB38-CFDD03657E51}.Debug|Any CPU.ActiveCfg = Debug|Any CPU
		{92C0DCB5-F56A-45A9-BB38-CFDD03657E51}.Debug|Any CPU.Build.0 = Debug|Any CPU
		{92C0DCB5-F56A-45A9-BB38-CFDD03657E51}.Release|Any CPU.ActiveCfg = Release|Any CPU
		{92C0DCB5-F56A-45A9-BB38-CFDD03657E51}.Release|Any CPU.Build.0 = Release|Any CPU
	EndGlobalSection
	GlobalSection(SolutionProperties) = preSolution
		HideSolutionNode = FALSE
	EndGlobalSection
	GlobalSection(ExtensibilityGlobals) = postSolution
		SolutionGuid = {0D75016F-A6A7-4503-8EBE-C4A481BA084D}
	EndGlobalSection
EndGlobal
